
Microsoft Visual Studio Solution File, Format Version 12.00
# Visual Studio Version 17
VisualStudioVersion = 17.2.32602.215
MinimumVisualStudioVersion = 10.0.40219.1
Project("{FAE04EC0-301F-11D3-BF4B-00C04F79EFBC}") = "PensionDisbursementAPI", "PensionDisbursementAPI.csproj", "{67E35566-90BD-4658-8CD4-436A10292196}"
EndProject
Global
	GlobalSection(SolutionConfigurationPlatforms) = preSolution
		Debug|Any CPU = Debug|Any CPU
		Release|Any CPU = Release|Any CPU
	EndGlobalSection
	GlobalSection(ProjectConfigurationPlatforms) = postSolution
		{67E35566-90BD-4658-8CD4-436A10292196}.Debug|Any CPU.ActiveCfg = Debug|Any CPU
		{67E35566-90BD-4658-8CD4-436A10292196}.Debug|Any CPU.Build.0 = Debug|Any CPU
		{67E35566-90BD-4658-8CD4-436A10292196}.Release|Any CPU.ActiveCfg = Release|Any CPU
		{67E35566-90BD-4658-8CD4-436A10292196}.Release|Any CPU.Build.0 = Release|Any CPU
	EndGlobalSection
	GlobalSection(SolutionProperties) = preSolution
		HideSolutionNode = FALSE
	EndGlobalSection
	GlobalSection(ExtensibilityGlobals) = postSolution
		SolutionGuid = {84DFC6E8-EF4F-4982-80A5-CCEAF2D90543}
	EndGlobalSection
EndGlobal
